
Microsoft Visual Studio Solution File, Format Version 12.00
# Visual Studio Version 16
VisualStudioVersion = 16.0.32802.440
MinimumVisualStudioVersion = 10.0.40219.1
Project("{FAE04EC0-301F-11D3-BF4B-00C04F79EFBC}") = "FileObserver.Android", "FileObserver.Android\FileObserver.Android.csproj", "{8B4DA532-90D2-4002-884A-0E7ECFD9B030}"
EndProject
Project("{FAE04EC0-301F-11D3-BF4B-00C04F79EFBC}") = "FileObserver", "FileObserver\FileObserver.csproj", "{1462F6EF-845C-4BBE-9A39-E2FD7AFAE9BB}"
EndProject
Global
	GlobalSection(SolutionConfigurationPlatforms) = preSolution
		Debug|Any CPU = Debug|Any CPU
		Release|Any CPU = Release|Any CPU
	EndGlobalSection
	GlobalSection(ProjectConfigurationPlatforms) = postSolution
		{8B4DA532-90D2-4002-884A-0E7ECFD9B030}.Debug|Any CPU.ActiveCfg = Debug|Any CPU
		{8B4DA532-90D2-4002-884A-0E7ECFD9B030}.Debug|Any CPU.Build.0 = Debug|Any CPU
		{8B4DA532-90D2-4002-884A-0E7ECFD9B030}.Debug|Any CPU.Deploy.0 = Debug|Any CPU
		{8B4DA532-90D2-4002-884A-0E7ECFD9B030}.Release|Any CPU.ActiveCfg = Release|Any CPU
		{8B4DA532-90D2-4002-884A-0E7ECFD9B030}.Release|Any CPU.Build.0 = Release|Any CPU
		{8B4DA532-90D2-4002-884A-0E7ECFD9B030}.Release|Any CPU.Deploy.0 = Release|Any CPU
		{1462F6EF-845C-4BBE-9A39-E2FD7AFAE9BB}.Debug|Any CPU.ActiveCfg = Debug|Any CPU
		{1462F6EF-845C-4BBE-9A39-E2FD7AFAE9BB}.Debug|Any CPU.Build.0 = Debug|Any CPU
		{1462F6EF-845C-4BBE-9A39-E2FD7AFAE9BB}.Debug|Any CPU.Deploy.0 = Debug|Any CPU
		{1462F6EF-845C-4BBE-9A39-E2FD7AFAE9BB}.Release|Any CPU.ActiveCfg = Release|Any CPU
		{1462F6EF-845C-4BBE-9A39-E2FD7AFAE9BB}.Release|Any CPU.Build.0 = Release|Any CPU
		{1462F6EF-845C-4BBE-9A39-E2FD7AFAE9BB}.Release|Any CPU.Deploy.0 = Release|Any CPU
	EndGlobalSection
	GlobalSection(SolutionProperties) = preSolution
		HideSolutionNode = FALSE
	EndGlobalSection
	GlobalSection(ExtensibilityGlobals) = postSolution
		SolutionGuid = {32652835-388E-4096-919E-C5FBBA2AD810}
	EndGlobalSection
EndGlobal
